
Microsoft Visual Studio Solution File, Format Version 12.00
# Visual Studio Version 17
VisualStudioVersion = 17.14.36429.23 d17.14
MinimumVisualStudioVersion = 10.0.40219.1
Project("{FAE04EC0-301F-11D3-BF4B-00C04F79EFBC}") = "SimpleVRP", "SimpleVRP\SimpleVRP.csproj", "{EC3D2EE5-6EF2-4E54-9B20-AE597E89FAB8}"
EndProject
Global
	GlobalSection(SolutionConfigurationPlatforms) = preSolution
		Debug|Any CPU = Debug|Any CPU
		Release|Any CPU = Release|Any CPU
	EndGlobalSection
	GlobalSection(ProjectConfigurationPlatforms) = postSolution
		{EC3D2EE5-6EF2-4E54-9B20-AE597E89FAB8}.Debug|Any CPU.ActiveCfg = Debug|Any CPU
		{EC3D2EE5-6EF2-4E54-9B20-AE597E89FAB8}.Debug|Any CPU.Build.0 = Debug|Any CPU
		{EC3D2EE5-6EF2-4E54-9B20-AE597E89FAB8}.Release|Any CPU.ActiveCfg = Release|Any CPU
		{EC3D2EE5-6EF2-4E54-9B20-AE597E89FAB8}.Release|Any CPU.Build.0 = Release|Any CPU
	EndGlobalSection
	GlobalSection(SolutionProperties) = preSolution
		HideSolutionNode = FALSE
	EndGlobalSection
	GlobalSection(ExtensibilityGlobals) = postSolution
		SolutionGuid = {41883A2B-8535-498F-9127-21326ADF15F9}
	EndGlobalSection
EndGlobal
